{
  "name": "photocarousel",
  "version": "1.0.0",
  "lockfileVersion": 1,
  "requires": true,
  "dependencies": {
    "@webcomponents/custom-elements": {
      "version": "1.2.1",
      "resolved": "https://registry.npmjs.org/@webcomponents/custom-elements/-/custom-elements-1.2.1.tgz",
      "integrity": "sha512-flmTp4rVbBkcUIF3eBO3LNoAaYvleTdhPZKzdzr6iztWLLrxCctcK+7MAQeC3/SPjc3JDdC3jYLMRF4R6C3f9g=="
    },
    "@webcomponents/shadydom": {
      "version": "1.5.0",
      "resolved": "https://registry.npmjs.org/@webcomponents/shadydom/-/shadydom-1.5.0.tgz",
      "integrity": "sha512-d6NamYIoQdrB3U7Ii1R1tUi4XrJ4OevfshJfpbkgY6Z0mio/mcI+UYH7EOd8nRqFAVOhLCssNglLNl4Lw2s1MQ=="
    },
    "@webcomponents/webcomponentsjs": {
      "version": "2.2.7",
      "resolved": "https://registry.npmjs.org/@webcomponents/webcomponentsjs/-/webcomponentsjs-2.2.7.tgz",
      "integrity": "sha512-kPPjzV+5kpoWpTniyvBSPcXS33f3j/C6HvNOJ3YecF3pvz3XwVeU4ammbxtVy/osF3z7hr1DYNptIf4oPEvXZA=="
    }
  }
}
